
Microsoft Visual Studio Solution File, Format Version 12.00
# Visual Studio 15
VisualStudioVersion = 15.0.26730.10
MinimumVisualStudioVersion = 10.0.40219.1
Project("{FAE04EC0-301F-11D3-BF4B-00C04F79EFBC}") = "DAL", "DAL\DAL.csproj", "{F756AC72-8EF7-4BA0-B552-FFC987FCEA4F}"
EndProject
Project("{FAE04EC0-301F-11D3-BF4B-00C04F79EFBC}") = "BLL", "BLL\BLL.csproj", "{C5845E08-5347-48C7-89EF-9FAB5DA2E9CD}"
EndProject
Project("{FAE04EC0-301F-11D3-BF4B-00C04F79EFBC}") = "ConsoleApp", "ConsoleApp\ConsoleApp.csproj", "{1B54D39F-AA94-4B5A-ACA3-5F019236FB9D}"
EndProject
Project("{FAE04EC0-301F-11D3-BF4B-00C04F79EFBC}") = "WpfAppClient", "WpfAppClient\WpfAppClient.csproj", "{156ED3D4-9E5D-43FC-ACE6-E76CE905EA37}"
EndProject
Project("{FAE04EC0-301F-11D3-BF4B-00C04F79EFBC}") = "WpfAppDriver", "WpfAppDriver\WpfAppDriver.csproj", "{38F82074-2AAE-471C-A689-C3BB2594C468}"
EndProject
Project("{FAE04EC0-301F-11D3-BF4B-00C04F79EFBC}") = "WpfAppDispatcher", "WpfAppDispatcher\WpfAppDispatcher.csproj", "{79C7938B-FAE0-450A-A9EC-0A1251B624E4}"
EndProject
Global
	GlobalSection(SolutionConfigurationPlatforms) = preSolution
		Debug|Any CPU = Debug|Any CPU
		Release|Any CPU = Release|Any CPU
	EndGlobalSection
	GlobalSection(ProjectConfigurationPlatforms) = postSolution
		{F756AC72-8EF7-4BA0-B552-FFC987FCEA4F}.Debug|Any CPU.ActiveCfg = Debug|Any CPU
		{F756AC72-8EF7-4BA0-B552-FFC987FCEA4F}.Debug|Any CPU.Build.0 = Debug|Any CPU
		{F756AC72-8EF7-4BA0-B552-FFC987FCEA4F}.Release|Any CPU.ActiveCfg = Release|Any CPU
		{F756AC72-8EF7-4BA0-B552-FFC987FCEA4F}.Release|Any CPU.Build.0 = Release|Any CPU
		{C5845E08-5347-48C7-89EF-9FAB5DA2E9CD}.Debug|Any CPU.ActiveCfg = Debug|Any CPU
		{C5845E08-5347-48C7-89EF-9FAB5DA2E9CD}.Debug|Any CPU.Build.0 = Debug|Any CPU
		{C5845E08-5347-48C7-89EF-9FAB5DA2E9CD}.Release|Any CPU.ActiveCfg = Release|Any CPU
		{C5845E08-5347-48C7-89EF-9FAB5DA2E9CD}.Release|Any CPU.Build.0 = Release|Any CPU
		{1B54D39F-AA94-4B5A-ACA3-5F019236FB9D}.Debug|Any CPU.ActiveCfg = Debug|Any CPU
		{1B54D39F-AA94-4B5A-ACA3-5F019236FB9D}.Debug|Any CPU.Build.0 = Debug|Any CPU
		{1B54D39F-AA94-4B5A-ACA3-5F019236FB9D}.Release|Any CPU.ActiveCfg = Release|Any CPU
		{1B54D39F-AA94-4B5A-ACA3-5F019236FB9D}.Release|Any CPU.Build.0 = Release|Any CPU
		{156ED3D4-9E5D-43FC-ACE6-E76CE905EA37}.Debug|Any CPU.ActiveCfg = Debug|Any CPU
		{156ED3D4-9E5D-43FC-ACE6-E76CE905EA37}.Debug|Any CPU.Build.0 = Debug|Any CPU
		{156ED3D4-9E5D-43FC-ACE6-E76CE905EA37}.Release|Any CPU.ActiveCfg = Release|Any CPU
		{156ED3D4-9E5D-43FC-ACE6-E76CE905EA37}.Release|Any CPU.Build.0 = Release|Any CPU
		{38F82074-2AAE-471C-A689-C3BB2594C468}.Debug|Any CPU.ActiveCfg = Debug|Any CPU
		{38F82074-2AAE-471C-A689-C3BB2594C468}.Debug|Any CPU.Build.0 = Debug|Any CPU
		{38F82074-2AAE-471C-A689-C3BB2594C468}.Release|Any CPU.ActiveCfg = Release|Any CPU
		{38F82074-2AAE-471C-A689-C3BB2594C468}.Release|Any CPU.Build.0 = Release|Any CPU
		{79C7938B-FAE0-450A-A9EC-0A1251B624E4}.Debug|Any CPU.ActiveCfg = Debug|Any CPU
		{79C7938B-FAE0-450A-A9EC-0A1251B624E4}.Debug|Any CPU.Build.0 = Debug|Any CPU
		{79C7938B-FAE0-450A-A9EC-0A1251B624E4}.Release|Any CPU.ActiveCfg = Release|Any CPU
		{79C7938B-FAE0-450A-A9EC-0A1251B624E4}.Release|Any CPU.Build.0 = Release|Any CPU
	EndGlobalSection
	GlobalSection(SolutionProperties) = preSolution
		HideSolutionNode = FALSE
	EndGlobalSection
	GlobalSection(ExtensibilityGlobals) = postSolution
		SolutionGuid = {389FB45A-4756-4A07-B6C6-F7F15ED89AEF}
	EndGlobalSection
EndGlobal
